
Microsoft Visual Studio Solution File, Format Version 12.00
# Visual Studio Version 16
VisualStudioVersion = 16.0.31424.327
MinimumVisualStudioVersion = 10.0.40219.1
Project("{9A19103F-16F7-4668-BE54-9A1E7A4F7556}") = "Algorithms", "Algorithms\Algorithms.csproj", "{39DCC410-86D8-421F-A715-533BCE57CF7A}"
EndProject
Project("{9A19103F-16F7-4668-BE54-9A1E7A4F7556}") = "DataStructures", "DataStructures\DataStructures.csproj", "{C2877A36-7E8C-4383-A716-532F08242DD2}"
EndProject
Project("{9A19103F-16F7-4668-BE54-9A1E7A4F7556}") = "DataStructureAndAlgorithms.Test", "TestDSAlgo\DataStructureAndAlgorithms.Test.csproj", "{ADFCB787-9EF0-4B1B-AAF0-6BFE657D6539}"
EndProject
Global
	GlobalSection(SolutionConfigurationPlatforms) = preSolution
		Debug|Any CPU = Debug|Any CPU
		Release|Any CPU = Release|Any CPU
	EndGlobalSection
	GlobalSection(ProjectConfigurationPlatforms) = postSolution
		{39DCC410-86D8-421F-A715-533BCE57CF7A}.Debug|Any CPU.ActiveCfg = Debug|Any CPU
		{39DCC410-86D8-421F-A715-533BCE57CF7A}.Debug|Any CPU.Build.0 = Debug|Any CPU
		{39DCC410-86D8-421F-A715-533BCE57CF7A}.Release|Any CPU.ActiveCfg = Release|Any CPU
		{39DCC410-86D8-421F-A715-533BCE57CF7A}.Release|Any CPU.Build.0 = Release|Any CPU
		{C2877A36-7E8C-4383-A716-532F08242DD2}.Debug|Any CPU.ActiveCfg = Debug|Any CPU
		{C2877A36-7E8C-4383-A716-532F08242DD2}.Debug|Any CPU.Build.0 = Debug|Any CPU
		{C2877A36-7E8C-4383-A716-532F08242DD2}.Release|Any CPU.ActiveCfg = Release|Any CPU
		{C2877A36-7E8C-4383-A716-532F08242DD2}.Release|Any CPU.Build.0 = Release|Any CPU
		{ADFCB787-9EF0-4B1B-AAF0-6BFE657D6539}.Debug|Any CPU.ActiveCfg = Debug|Any CPU
		{ADFCB787-9EF0-4B1B-AAF0-6BFE657D6539}.Debug|Any CPU.Build.0 = Debug|Any CPU
		{ADFCB787-9EF0-4B1B-AAF0-6BFE657D6539}.Release|Any CPU.ActiveCfg = Release|Any CPU
		{ADFCB787-9EF0-4B1B-AAF0-6BFE657D6539}.Release|Any CPU.Build.0 = Release|Any CPU
	EndGlobalSection
	GlobalSection(SolutionProperties) = preSolution
		HideSolutionNode = FALSE
	EndGlobalSection
	GlobalSection(ExtensibilityGlobals) = postSolution
		SolutionGuid = {F2230B7E-927A-46CD-89A9-640CAF89B5FE}
	EndGlobalSection
EndGlobal
